{
  "name": "nesti-app",
  "lockfileVersion": 2,
  "requires": true,
  "packages": {
    "": {
      "name": "nesti-app",
      "version": "1.0.0",
      "dependencies": {
        "expo": "49.0.0",
        "react": "18.2.0",
        "react-native": "0.72.0",
        "expo-status-bar": "1.6.0",
        "expo-router": "1.7.6",
        "@prisma/client": "5.22.0",
        "bcrypt": "5.1.1",
        "jsonwebtoken": "9.0.2"
      }
    }
  },
  "dependencies": {
    "expo": {
      "version": "49.0.0",
      "resolved": "https://registry.npmjs.org/expo/-/expo-49.0.0.tgz",
      "integrity": "sha512-xxxxxxxxxxxxxxxxxxxxxxxxxxxxxxxxxxxxxxxx"
    },
    "react": {
      "version": "18.2.0",
      "resolved": "https://registry.npmjs.org/react/-/react-18.2.0.tgz",
      "integrity": "sha512-xxxxxxxxxxxxxxxxxxxxxxxxxxxxxxxxxxxxxxxx"
    },
    "react-native": {
      "version": "0.72.0",
      "resolved": "https://registry.npmjs.org/react-native/-/react-native-0.72.0.tgz",
      "integrity": "sha512-xxxxxxxxxxxxxxxxxxxxxxxxxxxxxxxxxxxxxxxx"
    },
    "expo-status-bar": {
      "version": "1.6.0",
      "resolved": "https://registry.npmjs.org/expo-status-bar/-/expo-status-bar-1.6.0.tgz",
      "integrity": "sha512-xxxxxxxxxxxxxxxxxxxxxxxxxxxxxxxxxxxxxxxx"
    },
    "expo-router": {
      "version": "1.7.6",
      "resolved": "https://registry.npmjs.org/expo-router/-/expo-router-1.7.6.tgz",
      "integrity": "sha512-xxxxxxxxxxxxxxxxxxxxxxxxxxxxxxxxxxxxxxxx"
    },
    "@prisma/client": {
      "version": "5.22.0",
      "resolved": "https://registry.npmjs.org/@prisma/client/-/client-5.22.0.tgz",
      "integrity": "sha512-xxxxxxxxxxxxxxxxxxxxxxxxxxxxxxxxxxxxxxxx"
    },
    "bcrypt": {
      "version": "5.1.1",
      "resolved": "https://registry.npmjs.org/bcrypt/-/bcrypt-5.1.1.tgz",
      "integrity": "sha512-xxxxxxxxxxxxxxxxxxxxxxxxxxxxxxxxxxxxxxxx"
    },
    "jsonwebtoken": {
      "version": "9.0.2",
      "resolved": "https://registry.npmjs.org/jsonwebtoken/-/jsonwebtoken-9.0.2.tgz",
      "integrity": "sha512-xxxxxxxxxxxxxxxxxxxxxxxxxxxxxxxxxxxxxxxx"
    }
  }
}
